# This file is generated by running "yarn install" inside your project.
# Manual changes might be lost - proceed with caution!

__metadata:
  version: 8
  cacheKey: 10c0

"@types/node@npm:^20.12.8":
  version: 20.12.8
  resolution: "@types/node@npm:20.12.8"
  dependencies:
    undici-types: "npm:~5.26.4"
  checksum: 10c0/840002d20654e38a9af8cdffa215598fdb28ac4f96c5701ed672ec365ed6ccc66da299edddaa409baf13cd71bbf1128901f633b5e44e070fc236e26415805b78
  languageName: node
  linkType: hard

"undici-types@npm:~5.26.4":
  version: 5.26.5
  resolution: "undici-types@npm:5.26.5"
  checksum: 10c0/bb673d7876c2d411b6eb6c560e0c571eef4a01c1c19925175d16e3a30c4c428181fb8d7ae802a261f283e4166a0ac435e2f505743aa9e45d893f9a3df017b501
  languageName: node
  linkType: hard

"wassup@workspace:.":
  version: 0.0.0-use.local
  resolution: "wassup@workspace:."
  dependencies:
    "@types/node": "npm:^20.12.8"
  languageName: unknown
  linkType: soft
